
Microsoft Visual Studio Solution File, Format Version 12.00
# Visual Studio Version 17
VisualStudioVersion = 17.5.33530.505
MinimumVisualStudioVersion = 10.0.40219.1
Project("{FAE04EC0-301F-11D3-BF4B-00C04F79EFBC}") = "Capa_presentacion", "Capa_presentacion.csproj", "{EB4D07C7-75F5-4FA4-B2F6-61984D24C4E1}"
EndProject
Project("{FAE04EC0-301F-11D3-BF4B-00C04F79EFBC}") = "Capa_entidad", "..\Capa_entidad\Capa_entidad.csproj", "{CF46E766-979E-4683-9327-3DCA24BBA582}"
EndProject
Project("{FAE04EC0-301F-11D3-BF4B-00C04F79EFBC}") = "Capa_negocio", "..\Capa_negocio\Capa_negocio.csproj", "{FB6365A1-6604-4745-9CAA-CB4F03C4BFD6}"
EndProject
Project("{FAE04EC0-301F-11D3-BF4B-00C04F79EFBC}") = "Capa_datos", "..\Capa_datos\Capa_datos.csproj", "{F002B6EA-8FC3-433D-BD8D-9CD217E6343D}"
EndProject
Global
	GlobalSection(SolutionConfigurationPlatforms) = preSolution
		Debug|Any CPU = Debug|Any CPU
		Release|Any CPU = Release|Any CPU
	EndGlobalSection
	GlobalSection(ProjectConfigurationPlatforms) = postSolution
		{EB4D07C7-75F5-4FA4-B2F6-61984D24C4E1}.Debug|Any CPU.ActiveCfg = Debug|Any CPU
		{EB4D07C7-75F5-4FA4-B2F6-61984D24C4E1}.Debug|Any CPU.Build.0 = Debug|Any CPU
		{EB4D07C7-75F5-4FA4-B2F6-61984D24C4E1}.Release|Any CPU.ActiveCfg = Release|Any CPU
		{EB4D07C7-75F5-4FA4-B2F6-61984D24C4E1}.Release|Any CPU.Build.0 = Release|Any CPU
		{CF46E766-979E-4683-9327-3DCA24BBA582}.Debug|Any CPU.ActiveCfg = Debug|Any CPU
		{CF46E766-979E-4683-9327-3DCA24BBA582}.Debug|Any CPU.Build.0 = Debug|Any CPU
		{CF46E766-979E-4683-9327-3DCA24BBA582}.Release|Any CPU.ActiveCfg = Release|Any CPU
		{CF46E766-979E-4683-9327-3DCA24BBA582}.Release|Any CPU.Build.0 = Release|Any CPU
		{FB6365A1-6604-4745-9CAA-CB4F03C4BFD6}.Debug|Any CPU.ActiveCfg = Debug|Any CPU
		{FB6365A1-6604-4745-9CAA-CB4F03C4BFD6}.Debug|Any CPU.Build.0 = Debug|Any CPU
		{FB6365A1-6604-4745-9CAA-CB4F03C4BFD6}.Release|Any CPU.ActiveCfg = Release|Any CPU
		{FB6365A1-6604-4745-9CAA-CB4F03C4BFD6}.Release|Any CPU.Build.0 = Release|Any CPU
		{F002B6EA-8FC3-433D-BD8D-9CD217E6343D}.Debug|Any CPU.ActiveCfg = Debug|Any CPU
		{F002B6EA-8FC3-433D-BD8D-9CD217E6343D}.Debug|Any CPU.Build.0 = Debug|Any CPU
		{F002B6EA-8FC3-433D-BD8D-9CD217E6343D}.Release|Any CPU.ActiveCfg = Release|Any CPU
		{F002B6EA-8FC3-433D-BD8D-9CD217E6343D}.Release|Any CPU.Build.0 = Release|Any CPU
	EndGlobalSection
	GlobalSection(SolutionProperties) = preSolution
		HideSolutionNode = FALSE
	EndGlobalSection
	GlobalSection(ExtensibilityGlobals) = postSolution
		SolutionGuid = {6EF7D895-6B01-4E42-8947-E0EBD48450DC}
	EndGlobalSection
EndGlobal
